
Microsoft Visual Studio Solution File, Format Version 12.00
# Visual Studio Version 16
VisualStudioVersion = 16.0.30907.101
MinimumVisualStudioVersion = 10.0.40219.1
Project("{9A19103F-16F7-4668-BE54-9A1E7A4F7556}") = "TFW", "TFW\TFW.csproj", "{81010196-AB2B-407E-A4E6-45FC1E2AE88A}"
EndProject
Project("{2150E333-8FDC-42A3-9474-1A3956D46DE8}") = "Core", "Core", "{39CD3E01-11A0-44FA-ADE1-6656E3A461B6}"
EndProject
Project("{2150E333-8FDC-42A3-9474-1A3956D46DE8}") = "Data", "Data", "{7BE27AF6-F0E1-4CB1-A5FF-E1F9B2941152}"
EndProject
Project("{9A19103F-16F7-4668-BE54-9A1E7A4F7556}") = "TFW.Data", "TFW.Data\TFW.Data.csproj", "{1D1538AE-0B48-48BC-9430-CB288B325032}"
EndProject
Project("{2150E333-8FDC-42A3-9474-1A3956D46DE8}") = "Cross", "Cross", "{FAE7BF57-4D7B-4720-B55A-FF46A84E388B}"
EndProject
Project("{9A19103F-16F7-4668-BE54-9A1E7A4F7556}") = "TFW.Cross", "TFW.Cross\TFW.Cross.csproj", "{2614DA43-A889-4194-8755-754B5DED697F}"
EndProject
Project("{9A19103F-16F7-4668-BE54-9A1E7A4F7556}") = "TFW.Data.Core", "TFW.Data.Core\TFW.Data.Core.csproj", "{6B6FD94B-A380-4C59-A769-6F78D5D757E9}"
EndProject
Project("{2150E333-8FDC-42A3-9474-1A3956D46DE8}") = "WPF", "WPF", "{8800998C-B194-4AAE-BCCC-C32B82ED97F4}"
EndProject
Project("{FAE04EC0-301F-11D3-BF4B-00C04F79EFBC}") = "WPFApp", "WPF\WPFApp\WPFApp.csproj", "{D9D87A8A-96A5-48B1-ACC8-B1FEA31299DB}"
EndProject
Project("{2150E333-8FDC-42A3-9474-1A3956D46DE8}") = "Business", "Business", "{E98A50DE-A347-4D47-82CB-6AE51D12BA4C}"
EndProject
Project("{FAE04EC0-301F-11D3-BF4B-00C04F79EFBC}") = "TFW.Business", "TFW.Business\TFW.Business.csproj", "{AC1ED891-FB1D-42A1-BCEB-F16475743F65}"
EndProject
Project("{FAE04EC0-301F-11D3-BF4B-00C04F79EFBC}") = "TFW.Business.Core", "TFW.Business.Core\TFW.Business.Core.csproj", "{D32B2F37-42A9-408D-8E2C-E2F3F7C90E31}"
EndProject
Project("{2150E333-8FDC-42A3-9474-1A3956D46DE8}") = "Framework", "Framework", "{6A322B02-8C6C-45ED-8F0B-982B1C7B139A}"
EndProject
Project("{FAE04EC0-301F-11D3-BF4B-00C04F79EFBC}") = "TFW.Framework.Common", "TFW.Framework.Common\TFW.Framework.Common.csproj", "{19665255-7281-4073-9494-D3885F8A55F4}"
EndProject
Project("{FAE04EC0-301F-11D3-BF4B-00C04F79EFBC}") = "TFW.Framework.AutoMapper", "TFW.Framework.AutoMapper\TFW.Framework.AutoMapper.csproj", "{3D918642-DD32-4A0F-A83A-B814DF860756}"
EndProject
Global
	GlobalSection(SolutionConfigurationPlatforms) = preSolution
		Debug|Any CPU = Debug|Any CPU
		Release|Any CPU = Release|Any CPU
	EndGlobalSection
	GlobalSection(ProjectConfigurationPlatforms) = postSolution
		{81010196-AB2B-407E-A4E6-45FC1E2AE88A}.Debug|Any CPU.ActiveCfg = Debug|Any CPU
		{81010196-AB2B-407E-A4E6-45FC1E2AE88A}.Debug|Any CPU.Build.0 = Debug|Any CPU
		{81010196-AB2B-407E-A4E6-45FC1E2AE88A}.Release|Any CPU.ActiveCfg = Release|Any CPU
		{81010196-AB2B-407E-A4E6-45FC1E2AE88A}.Release|Any CPU.Build.0 = Release|Any CPU
		{1D1538AE-0B48-48BC-9430-CB288B325032}.Debug|Any CPU.ActiveCfg = Debug|Any CPU
		{1D1538AE-0B48-48BC-9430-CB288B325032}.Debug|Any CPU.Build.0 = Debug|Any CPU
		{1D1538AE-0B48-48BC-9430-CB288B325032}.Release|Any CPU.ActiveCfg = Release|Any CPU
		{1D1538AE-0B48-48BC-9430-CB288B325032}.Release|Any CPU.Build.0 = Release|Any CPU
		{2614DA43-A889-4194-8755-754B5DED697F}.Debug|Any CPU.ActiveCfg = Debug|Any CPU
		{2614DA43-A889-4194-8755-754B5DED697F}.Debug|Any CPU.Build.0 = Debug|Any CPU
		{2614DA43-A889-4194-8755-754B5DED697F}.Release|Any CPU.ActiveCfg = Release|Any CPU
		{2614DA43-A889-4194-8755-754B5DED697F}.Release|Any CPU.Build.0 = Release|Any CPU
		{6B6FD94B-A380-4C59-A769-6F78D5D757E9}.Debug|Any CPU.ActiveCfg = Debug|Any CPU
		{6B6FD94B-A380-4C59-A769-6F78D5D757E9}.Debug|Any CPU.Build.0 = Debug|Any CPU
		{6B6FD94B-A380-4C59-A769-6F78D5D757E9}.Release|Any CPU.ActiveCfg = Release|Any CPU
		{6B6FD94B-A380-4C59-A769-6F78D5D757E9}.Release|Any CPU.Build.0 = Release|Any CPU
		{D9D87A8A-96A5-48B1-ACC8-B1FEA31299DB}.Debug|Any CPU.ActiveCfg = Debug|Any CPU
		{D9D87A8A-96A5-48B1-ACC8-B1FEA31299DB}.Debug|Any CPU.Build.0 = Debug|Any CPU
		{D9D87A8A-96A5-48B1-ACC8-B1FEA31299DB}.Release|Any CPU.ActiveCfg = Release|Any CPU
		{D9D87A8A-96A5-48B1-ACC8-B1FEA31299DB}.Release|Any CPU.Build.0 = Release|Any CPU
		{AC1ED891-FB1D-42A1-BCEB-F16475743F65}.Debug|Any CPU.ActiveCfg = Debug|Any CPU
		{AC1ED891-FB1D-42A1-BCEB-F16475743F65}.Debug|Any CPU.Build.0 = Debug|Any CPU
		{AC1ED891-FB1D-42A1-BCEB-F16475743F65}.Release|Any CPU.ActiveCfg = Release|Any CPU
		{AC1ED891-FB1D-42A1-BCEB-F16475743F65}.Release|Any CPU.Build.0 = Release|Any CPU
		{D32B2F37-42A9-408D-8E2C-E2F3F7C90E31}.Debug|Any CPU.ActiveCfg = Debug|Any CPU
		{D32B2F37-42A9-408D-8E2C-E2F3F7C90E31}.Debug|Any CPU.Build.0 = Debug|Any CPU
		{D32B2F37-42A9-408D-8E2C-E2F3F7C90E31}.Release|Any CPU.ActiveCfg = Release|Any CPU
		{D32B2F37-42A9-408D-8E2C-E2F3F7C90E31}.Release|Any CPU.Build.0 = Release|Any CPU
		{19665255-7281-4073-9494-D3885F8A55F4}.Debug|Any CPU.ActiveCfg = Debug|Any CPU
		{19665255-7281-4073-9494-D3885F8A55F4}.Debug|Any CPU.Build.0 = Debug|Any CPU
		{19665255-7281-4073-9494-D3885F8A55F4}.Release|Any CPU.ActiveCfg = Release|Any CPU
		{19665255-7281-4073-9494-D3885F8A55F4}.Release|Any CPU.Build.0 = Release|Any CPU
		{3D918642-DD32-4A0F-A83A-B814DF860756}.Debug|Any CPU.ActiveCfg = Debug|Any CPU
		{3D918642-DD32-4A0F-A83A-B814DF860756}.Debug|Any CPU.Build.0 = Debug|Any CPU
		{3D918642-DD32-4A0F-A83A-B814DF860756}.Release|Any CPU.ActiveCfg = Release|Any CPU
		{3D918642-DD32-4A0F-A83A-B814DF860756}.Release|Any CPU.Build.0 = Release|Any CPU
	EndGlobalSection
	GlobalSection(SolutionProperties) = preSolution
		HideSolutionNode = FALSE
	EndGlobalSection
	GlobalSection(NestedProjects) = preSolution
		{7BE27AF6-F0E1-4CB1-A5FF-E1F9B2941152} = {39CD3E01-11A0-44FA-ADE1-6656E3A461B6}
		{1D1538AE-0B48-48BC-9430-CB288B325032} = {7BE27AF6-F0E1-4CB1-A5FF-E1F9B2941152}
		{FAE7BF57-4D7B-4720-B55A-FF46A84E388B} = {39CD3E01-11A0-44FA-ADE1-6656E3A461B6}
		{2614DA43-A889-4194-8755-754B5DED697F} = {FAE7BF57-4D7B-4720-B55A-FF46A84E388B}
		{6B6FD94B-A380-4C59-A769-6F78D5D757E9} = {7BE27AF6-F0E1-4CB1-A5FF-E1F9B2941152}
		{D9D87A8A-96A5-48B1-ACC8-B1FEA31299DB} = {8800998C-B194-4AAE-BCCC-C32B82ED97F4}
		{E98A50DE-A347-4D47-82CB-6AE51D12BA4C} = {39CD3E01-11A0-44FA-ADE1-6656E3A461B6}
		{AC1ED891-FB1D-42A1-BCEB-F16475743F65} = {E98A50DE-A347-4D47-82CB-6AE51D12BA4C}
		{D32B2F37-42A9-408D-8E2C-E2F3F7C90E31} = {E98A50DE-A347-4D47-82CB-6AE51D12BA4C}
		{19665255-7281-4073-9494-D3885F8A55F4} = {6A322B02-8C6C-45ED-8F0B-982B1C7B139A}
		{3D918642-DD32-4A0F-A83A-B814DF860756} = {6A322B02-8C6C-45ED-8F0B-982B1C7B139A}
	EndGlobalSection
	GlobalSection(ExtensibilityGlobals) = postSolution
		SolutionGuid = {7026D7F0-4EB7-4B18-A4FE-81D32724A9DF}
	EndGlobalSection
EndGlobal
