
Microsoft Visual Studio Solution File, Format Version 12.00
# Visual Studio Version 16
VisualStudioVersion = 16.0.30907.101
MinimumVisualStudioVersion = 10.0.40219.1
Project("{9A19103F-16F7-4668-BE54-9A1E7A4F7556}") = "TFW", "TFW\TFW.csproj", "{81010196-AB2B-407E-A4E6-45FC1E2AE88A}"
EndProject
Project("{2150E333-8FDC-42A3-9474-1A3956D46DE8}") = "Core", "Core", "{39CD3E01-11A0-44FA-ADE1-6656E3A461B6}"
EndProject
Project("{2150E333-8FDC-42A3-9474-1A3956D46DE8}") = "Data", "Data", "{7BE27AF6-F0E1-4CB1-A5FF-E1F9B2941152}"
EndProject
Project("{9A19103F-16F7-4668-BE54-9A1E7A4F7556}") = "TFW.Data", "TFW.Data\TFW.Data.csproj", "{1D1538AE-0B48-48BC-9430-CB288B325032}"
EndProject
Project("{2150E333-8FDC-42A3-9474-1A3956D46DE8}") = "Cross", "Cross", "{FAE7BF57-4D7B-4720-B55A-FF46A84E388B}"
EndProject
Project("{9A19103F-16F7-4668-BE54-9A1E7A4F7556}") = "TFW.Cross", "TFW.Cross\TFW.Cross.csproj", "{2614DA43-A889-4194-8755-754B5DED697F}"
EndProject
Project("{FAE04EC0-301F-11D3-BF4B-00C04F79EFBC}") = "TFW.Data.Core", "TFW.Data.Core\TFW.Data.Core.csproj", "{6B6FD94B-A380-4C59-A769-6F78D5D757E9}"
EndProject
Global
	GlobalSection(SolutionConfigurationPlatforms) = preSolution
		Debug|Any CPU = Debug|Any CPU
		Release|Any CPU = Release|Any CPU
	EndGlobalSection
	GlobalSection(ProjectConfigurationPlatforms) = postSolution
		{81010196-AB2B-407E-A4E6-45FC1E2AE88A}.Debug|Any CPU.ActiveCfg = Debug|Any CPU
		{81010196-AB2B-407E-A4E6-45FC1E2AE88A}.Debug|Any CPU.Build.0 = Debug|Any CPU
		{81010196-AB2B-407E-A4E6-45FC1E2AE88A}.Release|Any CPU.ActiveCfg = Release|Any CPU
		{81010196-AB2B-407E-A4E6-45FC1E2AE88A}.Release|Any CPU.Build.0 = Release|Any CPU
		{1D1538AE-0B48-48BC-9430-CB288B325032}.Debug|Any CPU.ActiveCfg = Debug|Any CPU
		{1D1538AE-0B48-48BC-9430-CB288B325032}.Debug|Any CPU.Build.0 = Debug|Any CPU
		{1D1538AE-0B48-48BC-9430-CB288B325032}.Release|Any CPU.ActiveCfg = Release|Any CPU
		{1D1538AE-0B48-48BC-9430-CB288B325032}.Release|Any CPU.Build.0 = Release|Any CPU
		{2614DA43-A889-4194-8755-754B5DED697F}.Debug|Any CPU.ActiveCfg = Debug|Any CPU
		{2614DA43-A889-4194-8755-754B5DED697F}.Debug|Any CPU.Build.0 = Debug|Any CPU
		{2614DA43-A889-4194-8755-754B5DED697F}.Release|Any CPU.ActiveCfg = Release|Any CPU
		{2614DA43-A889-4194-8755-754B5DED697F}.Release|Any CPU.Build.0 = Release|Any CPU
		{6B6FD94B-A380-4C59-A769-6F78D5D757E9}.Debug|Any CPU.ActiveCfg = Debug|Any CPU
		{6B6FD94B-A380-4C59-A769-6F78D5D757E9}.Debug|Any CPU.Build.0 = Debug|Any CPU
		{6B6FD94B-A380-4C59-A769-6F78D5D757E9}.Release|Any CPU.ActiveCfg = Release|Any CPU
		{6B6FD94B-A380-4C59-A769-6F78D5D757E9}.Release|Any CPU.Build.0 = Release|Any CPU
	EndGlobalSection
	GlobalSection(SolutionProperties) = preSolution
		HideSolutionNode = FALSE
	EndGlobalSection
	GlobalSection(NestedProjects) = preSolution
		{7BE27AF6-F0E1-4CB1-A5FF-E1F9B2941152} = {39CD3E01-11A0-44FA-ADE1-6656E3A461B6}
		{1D1538AE-0B48-48BC-9430-CB288B325032} = {7BE27AF6-F0E1-4CB1-A5FF-E1F9B2941152}
		{FAE7BF57-4D7B-4720-B55A-FF46A84E388B} = {39CD3E01-11A0-44FA-ADE1-6656E3A461B6}
		{2614DA43-A889-4194-8755-754B5DED697F} = {FAE7BF57-4D7B-4720-B55A-FF46A84E388B}
		{6B6FD94B-A380-4C59-A769-6F78D5D757E9} = {7BE27AF6-F0E1-4CB1-A5FF-E1F9B2941152}
	EndGlobalSection
	GlobalSection(ExtensibilityGlobals) = postSolution
		SolutionGuid = {7026D7F0-4EB7-4B18-A4FE-81D32724A9DF}
	EndGlobalSection
EndGlobal
