
Microsoft Visual Studio Solution File, Format Version 12.00
# Visual Studio Version 16
VisualStudioVersion = 16.0.30907.101
MinimumVisualStudioVersion = 10.0.40219.1
Project("{9A19103F-16F7-4668-BE54-9A1E7A4F7556}") = "TFW", "TFW\TFW.csproj", "{81010196-AB2B-407E-A4E6-45FC1E2AE88A}"
EndProject
Project("{2150E333-8FDC-42A3-9474-1A3956D46DE8}") = "Core", "Core", "{39CD3E01-11A0-44FA-ADE1-6656E3A461B6}"
EndProject
Project("{2150E333-8FDC-42A3-9474-1A3956D46DE8}") = "3. Data", "3. Data", "{7BE27AF6-F0E1-4CB1-A5FF-E1F9B2941152}"
EndProject
Project("{9A19103F-16F7-4668-BE54-9A1E7A4F7556}") = "TFW.Data", "TFW.Data\TFW.Data.csproj", "{1D1538AE-0B48-48BC-9430-CB288B325032}"
EndProject
Project("{2150E333-8FDC-42A3-9474-1A3956D46DE8}") = "4. Cross", "4. Cross", "{FAE7BF57-4D7B-4720-B55A-FF46A84E388B}"
EndProject
Project("{9A19103F-16F7-4668-BE54-9A1E7A4F7556}") = "TFW.Cross", "TFW.Cross\TFW.Cross.csproj", "{2614DA43-A889-4194-8755-754B5DED697F}"
EndProject
Project("{2150E333-8FDC-42A3-9474-1A3956D46DE8}") = "WPF", "WPF", "{8800998C-B194-4AAE-BCCC-C32B82ED97F4}"
EndProject
Project("{FAE04EC0-301F-11D3-BF4B-00C04F79EFBC}") = "WPFApp", "WPF\WPFApp\WPFApp.csproj", "{D9D87A8A-96A5-48B1-ACC8-B1FEA31299DB}"
EndProject
Project("{2150E333-8FDC-42A3-9474-1A3956D46DE8}") = "2. Business", "2. Business", "{E98A50DE-A347-4D47-82CB-6AE51D12BA4C}"
EndProject
Project("{9A19103F-16F7-4668-BE54-9A1E7A4F7556}") = "TFW.Business", "TFW.Business\TFW.Business.csproj", "{AC1ED891-FB1D-42A1-BCEB-F16475743F65}"
EndProject
Project("{9A19103F-16F7-4668-BE54-9A1E7A4F7556}") = "TFW.Business.Core", "TFW.Business.Core\TFW.Business.Core.csproj", "{D32B2F37-42A9-408D-8E2C-E2F3F7C90E31}"
EndProject
Project("{2150E333-8FDC-42A3-9474-1A3956D46DE8}") = "Framework", "Framework", "{6A322B02-8C6C-45ED-8F0B-982B1C7B139A}"
EndProject
Project("{9A19103F-16F7-4668-BE54-9A1E7A4F7556}") = "TFW.Framework.Common", "TFW.Framework.Common\TFW.Framework.Common.csproj", "{19665255-7281-4073-9494-D3885F8A55F4}"
EndProject
Project("{9A19103F-16F7-4668-BE54-9A1E7A4F7556}") = "TFW.Framework.AutoMapper", "TFW.Framework.AutoMapper\TFW.Framework.AutoMapper.csproj", "{3D918642-DD32-4A0F-A83A-B814DF860756}"
EndProject
Project("{2150E333-8FDC-42A3-9474-1A3956D46DE8}") = "1. Web", "1. Web", "{88371DE0-4AC2-4E71-A528-7F5F49B26703}"
EndProject
Project("{9A19103F-16F7-4668-BE54-9A1E7A4F7556}") = "TFW.WebAPI", "TFW.WebAPI\TFW.WebAPI.csproj", "{CD42FD7D-C0F4-4D15-8F2C-5B0CE039FEDA}"
EndProject
Project("{9A19103F-16F7-4668-BE54-9A1E7A4F7556}") = "TFW.ConsoleApp", "TFW.ConsoleApp\TFW.ConsoleApp.csproj", "{7F301873-6B6E-4B77-A1F1-55AE96A2C620}"
EndProject
Project("{9A19103F-16F7-4668-BE54-9A1E7A4F7556}") = "TFW.Framework.EFCore", "TFW.Framework.EFCore\TFW.Framework.EFCore.csproj", "{738F3DDF-6449-41B6-8B21-300ABCAB73CF}"
EndProject
Project("{9A19103F-16F7-4668-BE54-9A1E7A4F7556}") = "TFW.Framework.DI", "TFW.Framework.DI\TFW.Framework.DI.csproj", "{C3105134-DFD5-4A51-947F-5B1C98A7DF24}"
EndProject
Project("{9A19103F-16F7-4668-BE54-9A1E7A4F7556}") = "TFW.Framework.i18n", "TFW.Framework.i18n\TFW.Framework.i18n.csproj", "{6D01FA74-44D2-4FF5-A0D8-032E56FABDF7}"
EndProject
Project("{9A19103F-16F7-4668-BE54-9A1E7A4F7556}") = "TFW.Framework.ConsoleApp", "TFW.Framework.ConsoleApp\TFW.Framework.ConsoleApp.csproj", "{C6219FBA-1B43-4BDC-ABD9-F20652E6934B}"
EndProject
Project("{9A19103F-16F7-4668-BE54-9A1E7A4F7556}") = "TFW.Data.Core", "TFW.Data.Core\TFW.Data.Core.csproj", "{E117CF8C-2300-4AD3-A461-CCEC8C4FA5D6}"
EndProject
Project("{9A19103F-16F7-4668-BE54-9A1E7A4F7556}") = "TFW.Framework.Cross", "TFW.Framework.Cross\TFW.Framework.Cross.csproj", "{0DBFAFDF-6BAF-4B86-AC5D-ECAAECC4B2D9}"
EndProject
Project("{9A19103F-16F7-4668-BE54-9A1E7A4F7556}") = "TFW.Framework.Configuration", "TFW.Framework.Configuration\TFW.Framework.Configuration.csproj", "{BD73BDF1-C90F-4540-82DA-03B144FE04E6}"
EndProject
Project("{9A19103F-16F7-4668-BE54-9A1E7A4F7556}") = "TFW.Framework.UoW", "TFW.Framework.UoW\TFW.Framework.UoW.csproj", "{00EC7189-5DFF-4E7E-BAE7-999189BE048E}"
EndProject
Project("{9A19103F-16F7-4668-BE54-9A1E7A4F7556}") = "TFW.Framework.Proxies", "TFW.Framework.Proxies\TFW.Framework.Proxies.csproj", "{BA13A72F-6939-404E-93E1-37DE81DBA5C3}"
EndProject
Project("{2150E333-8FDC-42A3-9474-1A3956D46DE8}") = "AutoMapper", "AutoMapper", "{5AC39080-C862-4EF4-B2D6-9EFF2E4F88B2}"
EndProject
Project("{2150E333-8FDC-42A3-9474-1A3956D46DE8}") = "Common", "Common", "{1531E077-2648-4094-9A5A-3E74C21E9922}"
EndProject
Project("{2150E333-8FDC-42A3-9474-1A3956D46DE8}") = "Configuration", "Configuration", "{D03FAC4C-B80C-47A6-BB3A-52BEEAED9FA1}"
EndProject
Project("{2150E333-8FDC-42A3-9474-1A3956D46DE8}") = "ConsoleApp", "ConsoleApp", "{CE14D8FC-29B0-47A7-AA6D-CA2A16F6B575}"
EndProject
Project("{2150E333-8FDC-42A3-9474-1A3956D46DE8}") = "Cross", "Cross", "{515DF150-DC13-48DB-A807-53023D02E3F7}"
EndProject
Project("{2150E333-8FDC-42A3-9474-1A3956D46DE8}") = "DI", "DI", "{6B5E99EE-45FB-4046-95C0-44A57E9CF7F5}"
EndProject
Project("{2150E333-8FDC-42A3-9474-1A3956D46DE8}") = "EFCore", "EFCore", "{FA48D1A9-0701-4020-A736-834628FB303D}"
EndProject
Project("{2150E333-8FDC-42A3-9474-1A3956D46DE8}") = "i18n", "i18n", "{967D2811-5611-4538-9A56-4BC12738A584}"
EndProject
Project("{2150E333-8FDC-42A3-9474-1A3956D46DE8}") = "Proxies", "Proxies", "{5E543435-FCEB-4D53-86B5-B0DE4D838A88}"
EndProject
Project("{2150E333-8FDC-42A3-9474-1A3956D46DE8}") = "UoW", "UoW", "{00EF1464-2823-491A-B186-816F86264E20}"
EndProject
Project("{2150E333-8FDC-42A3-9474-1A3956D46DE8}") = "Web", "Web", "{FED798F7-0CA7-40EF-AAFD-1C77CB80DD06}"
EndProject
Project("{2150E333-8FDC-42A3-9474-1A3956D46DE8}") = "Validations", "Validations", "{9273F448-2C4C-474C-8AAE-7A36B1C871EA}"
EndProject
Project("{9A19103F-16F7-4668-BE54-9A1E7A4F7556}") = "TFW.Framework.Validations.Fluent", "TFW.Framework.Validations.Fluent\TFW.Framework.Validations.Fluent.csproj", "{A76BE701-CE3F-43C3-9D51-7936D86B414A}"
EndProject
Project("{9A19103F-16F7-4668-BE54-9A1E7A4F7556}") = "TFW.Framework.Validations.Examples", "TFW.Framework.Validations.Examples\TFW.Framework.Validations.Examples.csproj", "{909A249C-1E13-4684-BB10-788EAF1BA79E}"
EndProject
Project("{9A19103F-16F7-4668-BE54-9A1E7A4F7556}") = "TFW.Framework.Validations.ModelValidation", "TFW.Framework.Validations.ModelValidation\TFW.Framework.Validations.ModelValidation.csproj", "{DA53EBF4-3F71-43AD-B43A-5FBEE5678262}"
EndProject
Project("{9A19103F-16F7-4668-BE54-9A1E7A4F7556}") = "TFW.Framework.Web", "TFW.Framework.Web\TFW.Framework.Web.csproj", "{3B4B5554-E521-47A7-833B-83052B784994}"
EndProject
Project("{2150E333-8FDC-42A3-9474-1A3956D46DE8}") = "Mail", "Mail", "{3903A30F-1D79-4B51-BDB1-C8775BF02D4F}"
EndProject
Project("{9A19103F-16F7-4668-BE54-9A1E7A4F7556}") = "TFW.Framework.Mail.Examples", "TFW.Framework.Mail.Examples\TFW.Framework.Mail.Examples.csproj", "{5A37358A-AD9E-48C7-954C-BFBDF415322A}"
EndProject
Project("{9A19103F-16F7-4668-BE54-9A1E7A4F7556}") = "TFW.Framework.SimpleMail", "TFW.Framework.SimpleMail\TFW.Framework.SimpleMail.csproj", "{B0F2447F-D535-405B-B661-342F39F20432}"
EndProject
Project("{2150E333-8FDC-42A3-9474-1A3956D46DE8}") = "Security", "Security", "{DC415033-62DE-46B3-A7E6-87AB8957082A}"
EndProject
Project("{9A19103F-16F7-4668-BE54-9A1E7A4F7556}") = "TFW.Framework.Security", "TFW.Framework.Security\TFW.Framework.Security.csproj", "{2E742336-60E6-4C7E-A24F-CF71696CF212}"
EndProject
Project("{2150E333-8FDC-42A3-9474-1A3956D46DE8}") = "Logging", "Logging", "{C31F022C-489A-4507-9DF3-A771AADAE557}"
EndProject
Project("{9A19103F-16F7-4668-BE54-9A1E7A4F7556}") = "TFW.Framework.Logging.Serilog", "TFW.Framework.Logging.Serilog\TFW.Framework.Logging.Serilog.csproj", "{D6B366BD-58AB-41BD-ABC8-60130ED82D83}"
EndProject
Project("{9A19103F-16F7-4668-BE54-9A1E7A4F7556}") = "TFW.Framework.Logging.Examples", "TFW.Framework.Logging.Examples\TFW.Framework.Logging.Examples.csproj", "{37C0CF0A-39A3-42DB-A193-87A1F824FBFA}"
EndProject
Project("{9A19103F-16F7-4668-BE54-9A1E7A4F7556}") = "TFW.Framework.Logging.Serilog.Web", "TFW.Framework.Logging.Serilog.Web\TFW.Framework.Logging.Serilog.Web.csproj", "{1D2A5A73-566C-42BB-BD6B-875BD45382E4}"
EndProject
Project("{2150E333-8FDC-42A3-9474-1A3956D46DE8}") = "Data", "Data", "{46E7313C-7EC5-49E4-86B9-3597BC6C3695}"
EndProject
Project("{9A19103F-16F7-4668-BE54-9A1E7A4F7556}") = "TFW.Framework.Data", "TFW.Framework.Data\TFW.Framework.Data.csproj", "{6F6F73D6-B183-4042-9051-911B62EE07A3}"
EndProject
Project("{9A19103F-16F7-4668-BE54-9A1E7A4F7556}") = "TFW.Framework.Http", "TFW.Framework.Http\TFW.Framework.Http.csproj", "{9EBD0E64-9400-497A-8961-28009FC0866E}"
EndProject
Project("{9A19103F-16F7-4668-BE54-9A1E7A4F7556}") = "TFW.Framework.Common.Examples", "TFW.Framework.Common.Examples\TFW.Framework.Common.Examples.csproj", "{6170A7F6-226A-4E16-A0E4-A6FC29897765}"
EndProject
Project("{2150E333-8FDC-42A3-9474-1A3956D46DE8}") = "Firebase", "Firebase", "{5A878947-18CD-4D60-8F56-6DA13157A00A}"
EndProject
Project("{9A19103F-16F7-4668-BE54-9A1E7A4F7556}") = "TFW.Framework.Firebase.Messaging", "TFW.Framework.Firebase.Messaging\TFW.Framework.Firebase.Messaging.csproj", "{AA637C1C-77EB-4DAB-B70A-B072EB185E89}"
EndProject
Project("{9A19103F-16F7-4668-BE54-9A1E7A4F7556}") = "TFW.Framework.Firebase.Examples", "TFW.Framework.Firebase.Examples\TFW.Framework.Firebase.Examples.csproj", "{C6C9ACDD-6AE4-40DC-A344-747CF5B17FFD}"
EndProject
Project("{9A19103F-16F7-4668-BE54-9A1E7A4F7556}") = "TFW.Framework.DI.Examples", "TFW.Framework.DI.Examples\TFW.Framework.DI.Examples.csproj", "{67ABA02B-DF63-4D6B-B250-3040063A6FDE}"
EndProject
Project("{2150E333-8FDC-42A3-9474-1A3956D46DE8}") = "Blazor", "Blazor", "{AE84B0F4-5E4E-4DAC-BE38-8FEA23628029}"
EndProject
Project("{9A19103F-16F7-4668-BE54-9A1E7A4F7556}") = "TFW.WebApp", "Blazor\TFW.WebApp\TFW.WebApp.csproj", "{10036A26-F83B-4389-8BA9-A6C646190136}"
EndProject
Project("{2150E333-8FDC-42A3-9474-1A3956D46DE8}") = "FileManager", "FileManager", "{2F9EDCB4-8ADF-456A-BE1A-87FF1F165E03}"
EndProject
Project("{9A19103F-16F7-4668-BE54-9A1E7A4F7556}") = "TFW.Framework.elFinder", "TFW.Framework.elFinder\TFW.Framework.elFinder.csproj", "{C1C49C30-0392-42D5-B2DA-387A50225544}"
EndProject
Project("{9A19103F-16F7-4668-BE54-9A1E7A4F7556}") = "TFW.Framework.FileManager.Examples", "TFW.Framework.FileManager.Examples\TFW.Framework.FileManager.Examples.csproj", "{AC0DC5F6-9C31-4B39-B730-57570221F292}"
EndProject
Project("{9A19103F-16F7-4668-BE54-9A1E7A4F7556}") = "TFW.Framework.DI.WebExamples", "TFW.Framework.DI.WebExamples\TFW.Framework.DI.WebExamples.csproj", "{27A86C5F-DDFD-4FF8-9ABD-D2C321A5E827}"
EndProject
Project("{2150E333-8FDC-42A3-9474-1A3956D46DE8}") = "AWS", "AWS", "{9CDA74A9-CC4D-4740-8D10-9692B851C6FB}"
EndProject
Project("{9A19103F-16F7-4668-BE54-9A1E7A4F7556}") = "TFW.Framework.AWS.S3.Examples", "TFW.Framework.AWS.S3.Examples\TFW.Framework.AWS.S3.Examples.csproj", "{E6278EE7-0E8E-4455-A6F5-A8E40300F62A}"
EndProject
Project("{FAE04EC0-301F-11D3-BF4B-00C04F79EFBC}") = "TFW.Framework.Localization.Json", "TFW.Framework.Localization.Json\TFW.Framework.Localization.Json.csproj", "{FFC11958-9840-4139-BBDC-0595361A80AB}"
EndProject
Global
	GlobalSection(SolutionConfigurationPlatforms) = preSolution
		Debug|Any CPU = Debug|Any CPU
		Release|Any CPU = Release|Any CPU
	EndGlobalSection
	GlobalSection(ProjectConfigurationPlatforms) = postSolution
		{81010196-AB2B-407E-A4E6-45FC1E2AE88A}.Debug|Any CPU.ActiveCfg = Debug|Any CPU
		{81010196-AB2B-407E-A4E6-45FC1E2AE88A}.Debug|Any CPU.Build.0 = Debug|Any CPU
		{81010196-AB2B-407E-A4E6-45FC1E2AE88A}.Release|Any CPU.ActiveCfg = Release|Any CPU
		{81010196-AB2B-407E-A4E6-45FC1E2AE88A}.Release|Any CPU.Build.0 = Release|Any CPU
		{1D1538AE-0B48-48BC-9430-CB288B325032}.Debug|Any CPU.ActiveCfg = Debug|Any CPU
		{1D1538AE-0B48-48BC-9430-CB288B325032}.Debug|Any CPU.Build.0 = Debug|Any CPU
		{1D1538AE-0B48-48BC-9430-CB288B325032}.Release|Any CPU.ActiveCfg = Release|Any CPU
		{1D1538AE-0B48-48BC-9430-CB288B325032}.Release|Any CPU.Build.0 = Release|Any CPU
		{2614DA43-A889-4194-8755-754B5DED697F}.Debug|Any CPU.ActiveCfg = Debug|Any CPU
		{2614DA43-A889-4194-8755-754B5DED697F}.Debug|Any CPU.Build.0 = Debug|Any CPU
		{2614DA43-A889-4194-8755-754B5DED697F}.Release|Any CPU.ActiveCfg = Release|Any CPU
		{2614DA43-A889-4194-8755-754B5DED697F}.Release|Any CPU.Build.0 = Release|Any CPU
		{D9D87A8A-96A5-48B1-ACC8-B1FEA31299DB}.Debug|Any CPU.ActiveCfg = Debug|Any CPU
		{D9D87A8A-96A5-48B1-ACC8-B1FEA31299DB}.Debug|Any CPU.Build.0 = Debug|Any CPU
		{D9D87A8A-96A5-48B1-ACC8-B1FEA31299DB}.Release|Any CPU.ActiveCfg = Release|Any CPU
		{D9D87A8A-96A5-48B1-ACC8-B1FEA31299DB}.Release|Any CPU.Build.0 = Release|Any CPU
		{AC1ED891-FB1D-42A1-BCEB-F16475743F65}.Debug|Any CPU.ActiveCfg = Debug|Any CPU
		{AC1ED891-FB1D-42A1-BCEB-F16475743F65}.Debug|Any CPU.Build.0 = Debug|Any CPU
		{AC1ED891-FB1D-42A1-BCEB-F16475743F65}.Release|Any CPU.ActiveCfg = Release|Any CPU
		{AC1ED891-FB1D-42A1-BCEB-F16475743F65}.Release|Any CPU.Build.0 = Release|Any CPU
		{D32B2F37-42A9-408D-8E2C-E2F3F7C90E31}.Debug|Any CPU.ActiveCfg = Debug|Any CPU
		{D32B2F37-42A9-408D-8E2C-E2F3F7C90E31}.Debug|Any CPU.Build.0 = Debug|Any CPU
		{D32B2F37-42A9-408D-8E2C-E2F3F7C90E31}.Release|Any CPU.ActiveCfg = Release|Any CPU
		{D32B2F37-42A9-408D-8E2C-E2F3F7C90E31}.Release|Any CPU.Build.0 = Release|Any CPU
		{19665255-7281-4073-9494-D3885F8A55F4}.Debug|Any CPU.ActiveCfg = Debug|Any CPU
		{19665255-7281-4073-9494-D3885F8A55F4}.Debug|Any CPU.Build.0 = Debug|Any CPU
		{19665255-7281-4073-9494-D3885F8A55F4}.Release|Any CPU.ActiveCfg = Release|Any CPU
		{19665255-7281-4073-9494-D3885F8A55F4}.Release|Any CPU.Build.0 = Release|Any CPU
		{3D918642-DD32-4A0F-A83A-B814DF860756}.Debug|Any CPU.ActiveCfg = Debug|Any CPU
		{3D918642-DD32-4A0F-A83A-B814DF860756}.Debug|Any CPU.Build.0 = Debug|Any CPU
		{3D918642-DD32-4A0F-A83A-B814DF860756}.Release|Any CPU.ActiveCfg = Release|Any CPU
		{3D918642-DD32-4A0F-A83A-B814DF860756}.Release|Any CPU.Build.0 = Release|Any CPU
		{CD42FD7D-C0F4-4D15-8F2C-5B0CE039FEDA}.Debug|Any CPU.ActiveCfg = Debug|Any CPU
		{CD42FD7D-C0F4-4D15-8F2C-5B0CE039FEDA}.Debug|Any CPU.Build.0 = Debug|Any CPU
		{CD42FD7D-C0F4-4D15-8F2C-5B0CE039FEDA}.Release|Any CPU.ActiveCfg = Release|Any CPU
		{CD42FD7D-C0F4-4D15-8F2C-5B0CE039FEDA}.Release|Any CPU.Build.0 = Release|Any CPU
		{7F301873-6B6E-4B77-A1F1-55AE96A2C620}.Debug|Any CPU.ActiveCfg = Debug|Any CPU
		{7F301873-6B6E-4B77-A1F1-55AE96A2C620}.Debug|Any CPU.Build.0 = Debug|Any CPU
		{7F301873-6B6E-4B77-A1F1-55AE96A2C620}.Release|Any CPU.ActiveCfg = Release|Any CPU
		{7F301873-6B6E-4B77-A1F1-55AE96A2C620}.Release|Any CPU.Build.0 = Release|Any CPU
		{738F3DDF-6449-41B6-8B21-300ABCAB73CF}.Debug|Any CPU.ActiveCfg = Debug|Any CPU
		{738F3DDF-6449-41B6-8B21-300ABCAB73CF}.Debug|Any CPU.Build.0 = Debug|Any CPU
		{738F3DDF-6449-41B6-8B21-300ABCAB73CF}.Release|Any CPU.ActiveCfg = Release|Any CPU
		{738F3DDF-6449-41B6-8B21-300ABCAB73CF}.Release|Any CPU.Build.0 = Release|Any CPU
		{C3105134-DFD5-4A51-947F-5B1C98A7DF24}.Debug|Any CPU.ActiveCfg = Debug|Any CPU
		{C3105134-DFD5-4A51-947F-5B1C98A7DF24}.Debug|Any CPU.Build.0 = Debug|Any CPU
		{C3105134-DFD5-4A51-947F-5B1C98A7DF24}.Release|Any CPU.ActiveCfg = Release|Any CPU
		{C3105134-DFD5-4A51-947F-5B1C98A7DF24}.Release|Any CPU.Build.0 = Release|Any CPU
		{6D01FA74-44D2-4FF5-A0D8-032E56FABDF7}.Debug|Any CPU.ActiveCfg = Debug|Any CPU
		{6D01FA74-44D2-4FF5-A0D8-032E56FABDF7}.Debug|Any CPU.Build.0 = Debug|Any CPU
		{6D01FA74-44D2-4FF5-A0D8-032E56FABDF7}.Release|Any CPU.ActiveCfg = Release|Any CPU
		{6D01FA74-44D2-4FF5-A0D8-032E56FABDF7}.Release|Any CPU.Build.0 = Release|Any CPU
		{C6219FBA-1B43-4BDC-ABD9-F20652E6934B}.Debug|Any CPU.ActiveCfg = Debug|Any CPU
		{C6219FBA-1B43-4BDC-ABD9-F20652E6934B}.Debug|Any CPU.Build.0 = Debug|Any CPU
		{C6219FBA-1B43-4BDC-ABD9-F20652E6934B}.Release|Any CPU.ActiveCfg = Release|Any CPU
		{C6219FBA-1B43-4BDC-ABD9-F20652E6934B}.Release|Any CPU.Build.0 = Release|Any CPU
		{E117CF8C-2300-4AD3-A461-CCEC8C4FA5D6}.Debug|Any CPU.ActiveCfg = Debug|Any CPU
		{E117CF8C-2300-4AD3-A461-CCEC8C4FA5D6}.Debug|Any CPU.Build.0 = Debug|Any CPU
		{E117CF8C-2300-4AD3-A461-CCEC8C4FA5D6}.Release|Any CPU.ActiveCfg = Release|Any CPU
		{E117CF8C-2300-4AD3-A461-CCEC8C4FA5D6}.Release|Any CPU.Build.0 = Release|Any CPU
		{0DBFAFDF-6BAF-4B86-AC5D-ECAAECC4B2D9}.Debug|Any CPU.ActiveCfg = Debug|Any CPU
		{0DBFAFDF-6BAF-4B86-AC5D-ECAAECC4B2D9}.Debug|Any CPU.Build.0 = Debug|Any CPU
		{0DBFAFDF-6BAF-4B86-AC5D-ECAAECC4B2D9}.Release|Any CPU.ActiveCfg = Release|Any CPU
		{0DBFAFDF-6BAF-4B86-AC5D-ECAAECC4B2D9}.Release|Any CPU.Build.0 = Release|Any CPU
		{BD73BDF1-C90F-4540-82DA-03B144FE04E6}.Debug|Any CPU.ActiveCfg = Debug|Any CPU
		{BD73BDF1-C90F-4540-82DA-03B144FE04E6}.Debug|Any CPU.Build.0 = Debug|Any CPU
		{BD73BDF1-C90F-4540-82DA-03B144FE04E6}.Release|Any CPU.ActiveCfg = Release|Any CPU
		{BD73BDF1-C90F-4540-82DA-03B144FE04E6}.Release|Any CPU.Build.0 = Release|Any CPU
		{00EC7189-5DFF-4E7E-BAE7-999189BE048E}.Debug|Any CPU.ActiveCfg = Debug|Any CPU
		{00EC7189-5DFF-4E7E-BAE7-999189BE048E}.Debug|Any CPU.Build.0 = Debug|Any CPU
		{00EC7189-5DFF-4E7E-BAE7-999189BE048E}.Release|Any CPU.ActiveCfg = Release|Any CPU
		{00EC7189-5DFF-4E7E-BAE7-999189BE048E}.Release|Any CPU.Build.0 = Release|Any CPU
		{BA13A72F-6939-404E-93E1-37DE81DBA5C3}.Debug|Any CPU.ActiveCfg = Debug|Any CPU
		{BA13A72F-6939-404E-93E1-37DE81DBA5C3}.Debug|Any CPU.Build.0 = Debug|Any CPU
		{BA13A72F-6939-404E-93E1-37DE81DBA5C3}.Release|Any CPU.ActiveCfg = Release|Any CPU
		{BA13A72F-6939-404E-93E1-37DE81DBA5C3}.Release|Any CPU.Build.0 = Release|Any CPU
		{A76BE701-CE3F-43C3-9D51-7936D86B414A}.Debug|Any CPU.ActiveCfg = Debug|Any CPU
		{A76BE701-CE3F-43C3-9D51-7936D86B414A}.Debug|Any CPU.Build.0 = Debug|Any CPU
		{A76BE701-CE3F-43C3-9D51-7936D86B414A}.Release|Any CPU.ActiveCfg = Release|Any CPU
		{A76BE701-CE3F-43C3-9D51-7936D86B414A}.Release|Any CPU.Build.0 = Release|Any CPU
		{909A249C-1E13-4684-BB10-788EAF1BA79E}.Debug|Any CPU.ActiveCfg = Debug|Any CPU
		{909A249C-1E13-4684-BB10-788EAF1BA79E}.Debug|Any CPU.Build.0 = Debug|Any CPU
		{909A249C-1E13-4684-BB10-788EAF1BA79E}.Release|Any CPU.ActiveCfg = Release|Any CPU
		{909A249C-1E13-4684-BB10-788EAF1BA79E}.Release|Any CPU.Build.0 = Release|Any CPU
		{DA53EBF4-3F71-43AD-B43A-5FBEE5678262}.Debug|Any CPU.ActiveCfg = Debug|Any CPU
		{DA53EBF4-3F71-43AD-B43A-5FBEE5678262}.Debug|Any CPU.Build.0 = Debug|Any CPU
		{DA53EBF4-3F71-43AD-B43A-5FBEE5678262}.Release|Any CPU.ActiveCfg = Release|Any CPU
		{DA53EBF4-3F71-43AD-B43A-5FBEE5678262}.Release|Any CPU.Build.0 = Release|Any CPU
		{3B4B5554-E521-47A7-833B-83052B784994}.Debug|Any CPU.ActiveCfg = Debug|Any CPU
		{3B4B5554-E521-47A7-833B-83052B784994}.Debug|Any CPU.Build.0 = Debug|Any CPU
		{3B4B5554-E521-47A7-833B-83052B784994}.Release|Any CPU.ActiveCfg = Release|Any CPU
		{3B4B5554-E521-47A7-833B-83052B784994}.Release|Any CPU.Build.0 = Release|Any CPU
		{5A37358A-AD9E-48C7-954C-BFBDF415322A}.Debug|Any CPU.ActiveCfg = Debug|Any CPU
		{5A37358A-AD9E-48C7-954C-BFBDF415322A}.Debug|Any CPU.Build.0 = Debug|Any CPU
		{5A37358A-AD9E-48C7-954C-BFBDF415322A}.Release|Any CPU.ActiveCfg = Release|Any CPU
		{5A37358A-AD9E-48C7-954C-BFBDF415322A}.Release|Any CPU.Build.0 = Release|Any CPU
		{B0F2447F-D535-405B-B661-342F39F20432}.Debug|Any CPU.ActiveCfg = Debug|Any CPU
		{B0F2447F-D535-405B-B661-342F39F20432}.Debug|Any CPU.Build.0 = Debug|Any CPU
		{B0F2447F-D535-405B-B661-342F39F20432}.Release|Any CPU.ActiveCfg = Release|Any CPU
		{B0F2447F-D535-405B-B661-342F39F20432}.Release|Any CPU.Build.0 = Release|Any CPU
		{2E742336-60E6-4C7E-A24F-CF71696CF212}.Debug|Any CPU.ActiveCfg = Debug|Any CPU
		{2E742336-60E6-4C7E-A24F-CF71696CF212}.Debug|Any CPU.Build.0 = Debug|Any CPU
		{2E742336-60E6-4C7E-A24F-CF71696CF212}.Release|Any CPU.ActiveCfg = Release|Any CPU
		{2E742336-60E6-4C7E-A24F-CF71696CF212}.Release|Any CPU.Build.0 = Release|Any CPU
		{D6B366BD-58AB-41BD-ABC8-60130ED82D83}.Debug|Any CPU.ActiveCfg = Debug|Any CPU
		{D6B366BD-58AB-41BD-ABC8-60130ED82D83}.Debug|Any CPU.Build.0 = Debug|Any CPU
		{D6B366BD-58AB-41BD-ABC8-60130ED82D83}.Release|Any CPU.ActiveCfg = Release|Any CPU
		{D6B366BD-58AB-41BD-ABC8-60130ED82D83}.Release|Any CPU.Build.0 = Release|Any CPU
		{37C0CF0A-39A3-42DB-A193-87A1F824FBFA}.Debug|Any CPU.ActiveCfg = Debug|Any CPU
		{37C0CF0A-39A3-42DB-A193-87A1F824FBFA}.Debug|Any CPU.Build.0 = Debug|Any CPU
		{37C0CF0A-39A3-42DB-A193-87A1F824FBFA}.Release|Any CPU.ActiveCfg = Release|Any CPU
		{37C0CF0A-39A3-42DB-A193-87A1F824FBFA}.Release|Any CPU.Build.0 = Release|Any CPU
		{1D2A5A73-566C-42BB-BD6B-875BD45382E4}.Debug|Any CPU.ActiveCfg = Debug|Any CPU
		{1D2A5A73-566C-42BB-BD6B-875BD45382E4}.Debug|Any CPU.Build.0 = Debug|Any CPU
		{1D2A5A73-566C-42BB-BD6B-875BD45382E4}.Release|Any CPU.ActiveCfg = Release|Any CPU
		{1D2A5A73-566C-42BB-BD6B-875BD45382E4}.Release|Any CPU.Build.0 = Release|Any CPU
		{6F6F73D6-B183-4042-9051-911B62EE07A3}.Debug|Any CPU.ActiveCfg = Debug|Any CPU
		{6F6F73D6-B183-4042-9051-911B62EE07A3}.Debug|Any CPU.Build.0 = Debug|Any CPU
		{6F6F73D6-B183-4042-9051-911B62EE07A3}.Release|Any CPU.ActiveCfg = Release|Any CPU
		{6F6F73D6-B183-4042-9051-911B62EE07A3}.Release|Any CPU.Build.0 = Release|Any CPU
		{9EBD0E64-9400-497A-8961-28009FC0866E}.Debug|Any CPU.ActiveCfg = Debug|Any CPU
		{9EBD0E64-9400-497A-8961-28009FC0866E}.Debug|Any CPU.Build.0 = Debug|Any CPU
		{9EBD0E64-9400-497A-8961-28009FC0866E}.Release|Any CPU.ActiveCfg = Release|Any CPU
		{9EBD0E64-9400-497A-8961-28009FC0866E}.Release|Any CPU.Build.0 = Release|Any CPU
		{6170A7F6-226A-4E16-A0E4-A6FC29897765}.Debug|Any CPU.ActiveCfg = Debug|Any CPU
		{6170A7F6-226A-4E16-A0E4-A6FC29897765}.Debug|Any CPU.Build.0 = Debug|Any CPU
		{6170A7F6-226A-4E16-A0E4-A6FC29897765}.Release|Any CPU.ActiveCfg = Release|Any CPU
		{6170A7F6-226A-4E16-A0E4-A6FC29897765}.Release|Any CPU.Build.0 = Release|Any CPU
		{AA637C1C-77EB-4DAB-B70A-B072EB185E89}.Debug|Any CPU.ActiveCfg = Debug|Any CPU
		{AA637C1C-77EB-4DAB-B70A-B072EB185E89}.Debug|Any CPU.Build.0 = Debug|Any CPU
		{AA637C1C-77EB-4DAB-B70A-B072EB185E89}.Release|Any CPU.ActiveCfg = Release|Any CPU
		{AA637C1C-77EB-4DAB-B70A-B072EB185E89}.Release|Any CPU.Build.0 = Release|Any CPU
		{C6C9ACDD-6AE4-40DC-A344-747CF5B17FFD}.Debug|Any CPU.ActiveCfg = Debug|Any CPU
		{C6C9ACDD-6AE4-40DC-A344-747CF5B17FFD}.Debug|Any CPU.Build.0 = Debug|Any CPU
		{C6C9ACDD-6AE4-40DC-A344-747CF5B17FFD}.Release|Any CPU.ActiveCfg = Release|Any CPU
		{C6C9ACDD-6AE4-40DC-A344-747CF5B17FFD}.Release|Any CPU.Build.0 = Release|Any CPU
		{67ABA02B-DF63-4D6B-B250-3040063A6FDE}.Debug|Any CPU.ActiveCfg = Debug|Any CPU
		{67ABA02B-DF63-4D6B-B250-3040063A6FDE}.Debug|Any CPU.Build.0 = Debug|Any CPU
		{67ABA02B-DF63-4D6B-B250-3040063A6FDE}.Release|Any CPU.ActiveCfg = Release|Any CPU
		{67ABA02B-DF63-4D6B-B250-3040063A6FDE}.Release|Any CPU.Build.0 = Release|Any CPU
		{10036A26-F83B-4389-8BA9-A6C646190136}.Debug|Any CPU.ActiveCfg = Debug|Any CPU
		{10036A26-F83B-4389-8BA9-A6C646190136}.Debug|Any CPU.Build.0 = Debug|Any CPU
		{10036A26-F83B-4389-8BA9-A6C646190136}.Release|Any CPU.ActiveCfg = Release|Any CPU
		{10036A26-F83B-4389-8BA9-A6C646190136}.Release|Any CPU.Build.0 = Release|Any CPU
		{C1C49C30-0392-42D5-B2DA-387A50225544}.Debug|Any CPU.ActiveCfg = Debug|Any CPU
		{C1C49C30-0392-42D5-B2DA-387A50225544}.Debug|Any CPU.Build.0 = Debug|Any CPU
		{C1C49C30-0392-42D5-B2DA-387A50225544}.Release|Any CPU.ActiveCfg = Release|Any CPU
		{C1C49C30-0392-42D5-B2DA-387A50225544}.Release|Any CPU.Build.0 = Release|Any CPU
		{AC0DC5F6-9C31-4B39-B730-57570221F292}.Debug|Any CPU.ActiveCfg = Debug|Any CPU
		{AC0DC5F6-9C31-4B39-B730-57570221F292}.Debug|Any CPU.Build.0 = Debug|Any CPU
		{AC0DC5F6-9C31-4B39-B730-57570221F292}.Release|Any CPU.ActiveCfg = Release|Any CPU
		{AC0DC5F6-9C31-4B39-B730-57570221F292}.Release|Any CPU.Build.0 = Release|Any CPU
		{27A86C5F-DDFD-4FF8-9ABD-D2C321A5E827}.Debug|Any CPU.ActiveCfg = Debug|Any CPU
		{27A86C5F-DDFD-4FF8-9ABD-D2C321A5E827}.Debug|Any CPU.Build.0 = Debug|Any CPU
		{27A86C5F-DDFD-4FF8-9ABD-D2C321A5E827}.Release|Any CPU.ActiveCfg = Release|Any CPU
		{27A86C5F-DDFD-4FF8-9ABD-D2C321A5E827}.Release|Any CPU.Build.0 = Release|Any CPU
		{E6278EE7-0E8E-4455-A6F5-A8E40300F62A}.Debug|Any CPU.ActiveCfg = Debug|Any CPU
		{E6278EE7-0E8E-4455-A6F5-A8E40300F62A}.Debug|Any CPU.Build.0 = Debug|Any CPU
		{E6278EE7-0E8E-4455-A6F5-A8E40300F62A}.Release|Any CPU.ActiveCfg = Release|Any CPU
		{E6278EE7-0E8E-4455-A6F5-A8E40300F62A}.Release|Any CPU.Build.0 = Release|Any CPU
		{FFC11958-9840-4139-BBDC-0595361A80AB}.Debug|Any CPU.ActiveCfg = Debug|Any CPU
		{FFC11958-9840-4139-BBDC-0595361A80AB}.Debug|Any CPU.Build.0 = Debug|Any CPU
		{FFC11958-9840-4139-BBDC-0595361A80AB}.Release|Any CPU.ActiveCfg = Release|Any CPU
		{FFC11958-9840-4139-BBDC-0595361A80AB}.Release|Any CPU.Build.0 = Release|Any CPU
	EndGlobalSection
	GlobalSection(SolutionProperties) = preSolution
		HideSolutionNode = FALSE
	EndGlobalSection
	GlobalSection(NestedProjects) = preSolution
		{7BE27AF6-F0E1-4CB1-A5FF-E1F9B2941152} = {39CD3E01-11A0-44FA-ADE1-6656E3A461B6}
		{1D1538AE-0B48-48BC-9430-CB288B325032} = {7BE27AF6-F0E1-4CB1-A5FF-E1F9B2941152}
		{FAE7BF57-4D7B-4720-B55A-FF46A84E388B} = {39CD3E01-11A0-44FA-ADE1-6656E3A461B6}
		{2614DA43-A889-4194-8755-754B5DED697F} = {FAE7BF57-4D7B-4720-B55A-FF46A84E388B}
		{D9D87A8A-96A5-48B1-ACC8-B1FEA31299DB} = {8800998C-B194-4AAE-BCCC-C32B82ED97F4}
		{E98A50DE-A347-4D47-82CB-6AE51D12BA4C} = {39CD3E01-11A0-44FA-ADE1-6656E3A461B6}
		{AC1ED891-FB1D-42A1-BCEB-F16475743F65} = {E98A50DE-A347-4D47-82CB-6AE51D12BA4C}
		{D32B2F37-42A9-408D-8E2C-E2F3F7C90E31} = {E98A50DE-A347-4D47-82CB-6AE51D12BA4C}
		{19665255-7281-4073-9494-D3885F8A55F4} = {1531E077-2648-4094-9A5A-3E74C21E9922}
		{3D918642-DD32-4A0F-A83A-B814DF860756} = {5AC39080-C862-4EF4-B2D6-9EFF2E4F88B2}
		{88371DE0-4AC2-4E71-A528-7F5F49B26703} = {39CD3E01-11A0-44FA-ADE1-6656E3A461B6}
		{CD42FD7D-C0F4-4D15-8F2C-5B0CE039FEDA} = {88371DE0-4AC2-4E71-A528-7F5F49B26703}
		{7F301873-6B6E-4B77-A1F1-55AE96A2C620} = {FAE7BF57-4D7B-4720-B55A-FF46A84E388B}
		{738F3DDF-6449-41B6-8B21-300ABCAB73CF} = {FA48D1A9-0701-4020-A736-834628FB303D}
		{C3105134-DFD5-4A51-947F-5B1C98A7DF24} = {6B5E99EE-45FB-4046-95C0-44A57E9CF7F5}
		{6D01FA74-44D2-4FF5-A0D8-032E56FABDF7} = {967D2811-5611-4538-9A56-4BC12738A584}
		{C6219FBA-1B43-4BDC-ABD9-F20652E6934B} = {CE14D8FC-29B0-47A7-AA6D-CA2A16F6B575}
		{E117CF8C-2300-4AD3-A461-CCEC8C4FA5D6} = {7BE27AF6-F0E1-4CB1-A5FF-E1F9B2941152}
		{0DBFAFDF-6BAF-4B86-AC5D-ECAAECC4B2D9} = {515DF150-DC13-48DB-A807-53023D02E3F7}
		{BD73BDF1-C90F-4540-82DA-03B144FE04E6} = {D03FAC4C-B80C-47A6-BB3A-52BEEAED9FA1}
		{00EC7189-5DFF-4E7E-BAE7-999189BE048E} = {00EF1464-2823-491A-B186-816F86264E20}
		{BA13A72F-6939-404E-93E1-37DE81DBA5C3} = {5E543435-FCEB-4D53-86B5-B0DE4D838A88}
		{5AC39080-C862-4EF4-B2D6-9EFF2E4F88B2} = {6A322B02-8C6C-45ED-8F0B-982B1C7B139A}
		{1531E077-2648-4094-9A5A-3E74C21E9922} = {6A322B02-8C6C-45ED-8F0B-982B1C7B139A}
		{D03FAC4C-B80C-47A6-BB3A-52BEEAED9FA1} = {6A322B02-8C6C-45ED-8F0B-982B1C7B139A}
		{CE14D8FC-29B0-47A7-AA6D-CA2A16F6B575} = {6A322B02-8C6C-45ED-8F0B-982B1C7B139A}
		{515DF150-DC13-48DB-A807-53023D02E3F7} = {6A322B02-8C6C-45ED-8F0B-982B1C7B139A}
		{6B5E99EE-45FB-4046-95C0-44A57E9CF7F5} = {6A322B02-8C6C-45ED-8F0B-982B1C7B139A}
		{FA48D1A9-0701-4020-A736-834628FB303D} = {6A322B02-8C6C-45ED-8F0B-982B1C7B139A}
		{967D2811-5611-4538-9A56-4BC12738A584} = {6A322B02-8C6C-45ED-8F0B-982B1C7B139A}
		{5E543435-FCEB-4D53-86B5-B0DE4D838A88} = {6A322B02-8C6C-45ED-8F0B-982B1C7B139A}
		{00EF1464-2823-491A-B186-816F86264E20} = {6A322B02-8C6C-45ED-8F0B-982B1C7B139A}
		{FED798F7-0CA7-40EF-AAFD-1C77CB80DD06} = {6A322B02-8C6C-45ED-8F0B-982B1C7B139A}
		{9273F448-2C4C-474C-8AAE-7A36B1C871EA} = {6A322B02-8C6C-45ED-8F0B-982B1C7B139A}
		{A76BE701-CE3F-43C3-9D51-7936D86B414A} = {9273F448-2C4C-474C-8AAE-7A36B1C871EA}
		{909A249C-1E13-4684-BB10-788EAF1BA79E} = {9273F448-2C4C-474C-8AAE-7A36B1C871EA}
		{DA53EBF4-3F71-43AD-B43A-5FBEE5678262} = {9273F448-2C4C-474C-8AAE-7A36B1C871EA}
		{3B4B5554-E521-47A7-833B-83052B784994} = {FED798F7-0CA7-40EF-AAFD-1C77CB80DD06}
		{3903A30F-1D79-4B51-BDB1-C8775BF02D4F} = {6A322B02-8C6C-45ED-8F0B-982B1C7B139A}
		{5A37358A-AD9E-48C7-954C-BFBDF415322A} = {3903A30F-1D79-4B51-BDB1-C8775BF02D4F}
		{B0F2447F-D535-405B-B661-342F39F20432} = {3903A30F-1D79-4B51-BDB1-C8775BF02D4F}
		{DC415033-62DE-46B3-A7E6-87AB8957082A} = {6A322B02-8C6C-45ED-8F0B-982B1C7B139A}
		{2E742336-60E6-4C7E-A24F-CF71696CF212} = {DC415033-62DE-46B3-A7E6-87AB8957082A}
		{C31F022C-489A-4507-9DF3-A771AADAE557} = {6A322B02-8C6C-45ED-8F0B-982B1C7B139A}
		{D6B366BD-58AB-41BD-ABC8-60130ED82D83} = {C31F022C-489A-4507-9DF3-A771AADAE557}
		{37C0CF0A-39A3-42DB-A193-87A1F824FBFA} = {C31F022C-489A-4507-9DF3-A771AADAE557}
		{1D2A5A73-566C-42BB-BD6B-875BD45382E4} = {C31F022C-489A-4507-9DF3-A771AADAE557}
		{46E7313C-7EC5-49E4-86B9-3597BC6C3695} = {6A322B02-8C6C-45ED-8F0B-982B1C7B139A}
		{6F6F73D6-B183-4042-9051-911B62EE07A3} = {46E7313C-7EC5-49E4-86B9-3597BC6C3695}
		{9EBD0E64-9400-497A-8961-28009FC0866E} = {FED798F7-0CA7-40EF-AAFD-1C77CB80DD06}
		{6170A7F6-226A-4E16-A0E4-A6FC29897765} = {1531E077-2648-4094-9A5A-3E74C21E9922}
		{5A878947-18CD-4D60-8F56-6DA13157A00A} = {6A322B02-8C6C-45ED-8F0B-982B1C7B139A}
		{AA637C1C-77EB-4DAB-B70A-B072EB185E89} = {5A878947-18CD-4D60-8F56-6DA13157A00A}
		{C6C9ACDD-6AE4-40DC-A344-747CF5B17FFD} = {5A878947-18CD-4D60-8F56-6DA13157A00A}
		{67ABA02B-DF63-4D6B-B250-3040063A6FDE} = {6B5E99EE-45FB-4046-95C0-44A57E9CF7F5}
		{10036A26-F83B-4389-8BA9-A6C646190136} = {AE84B0F4-5E4E-4DAC-BE38-8FEA23628029}
		{2F9EDCB4-8ADF-456A-BE1A-87FF1F165E03} = {6A322B02-8C6C-45ED-8F0B-982B1C7B139A}
		{C1C49C30-0392-42D5-B2DA-387A50225544} = {2F9EDCB4-8ADF-456A-BE1A-87FF1F165E03}
		{AC0DC5F6-9C31-4B39-B730-57570221F292} = {2F9EDCB4-8ADF-456A-BE1A-87FF1F165E03}
		{27A86C5F-DDFD-4FF8-9ABD-D2C321A5E827} = {6B5E99EE-45FB-4046-95C0-44A57E9CF7F5}
		{9CDA74A9-CC4D-4740-8D10-9692B851C6FB} = {6A322B02-8C6C-45ED-8F0B-982B1C7B139A}
		{E6278EE7-0E8E-4455-A6F5-A8E40300F62A} = {9CDA74A9-CC4D-4740-8D10-9692B851C6FB}
		{FFC11958-9840-4139-BBDC-0595361A80AB} = {967D2811-5611-4538-9A56-4BC12738A584}
	EndGlobalSection
	GlobalSection(ExtensibilityGlobals) = postSolution
		SolutionGuid = {7026D7F0-4EB7-4B18-A4FE-81D32724A9DF}
	EndGlobalSection
EndGlobal
